
Microsoft Visual Studio Solution File, Format Version 12.00
# Visual Studio Version 17
VisualStudioVersion = 17.2.32210.308
MinimumVisualStudioVersion = 10.0.40219.1
Project("{FAE04EC0-301F-11D3-BF4B-00C04F79EFBC}") = "LAb3", "LAb3\LAb3.csproj", "{80CE690E-2982-4665-A487-8C4DBAC0F49D}"
EndProject
Global
	GlobalSection(SolutionConfigurationPlatforms) = preSolution
		Debug|Any CPU = Debug|Any CPU
		Release|Any CPU = Release|Any CPU
	EndGlobalSection
	GlobalSection(ProjectConfigurationPlatforms) = postSolution
		{80CE690E-2982-4665-A487-8C4DBAC0F49D}.Debug|Any CPU.ActiveCfg = Debug|Any CPU
		{80CE690E-2982-4665-A487-8C4DBAC0F49D}.Debug|Any CPU.Build.0 = Debug|Any CPU
		{80CE690E-2982-4665-A487-8C4DBAC0F49D}.Release|Any CPU.ActiveCfg = Release|Any CPU
		{80CE690E-2982-4665-A487-8C4DBAC0F49D}.Release|Any CPU.Build.0 = Release|Any CPU
	EndGlobalSection
	GlobalSection(SolutionProperties) = preSolution
		HideSolutionNode = FALSE
	EndGlobalSection
	GlobalSection(ExtensibilityGlobals) = postSolution
		SolutionGuid = {E1A55C04-B016-4A8C-AAD2-956C268A125A}
	EndGlobalSection
EndGlobal
